
Microsoft Visual Studio Solution File, Format Version 12.00
# Visual Studio Version 17
VisualStudioVersion = 17.0.32014.148
MinimumVisualStudioVersion = 10.0.40219.1
Project("{FAE04EC0-301F-11D3-BF4B-00C04F79EFBC}") = "BassiDBFReader", "BassiDBFReader\BassiDBFReader.csproj", "{41ED3C46-8A38-4044-9396-CD9A6EADA3D3}"
EndProject
Project("{FAE04EC0-301F-11D3-BF4B-00C04F79EFBC}") = "BassiDBFViewer", "BassiDBFViewer\BassiDBFViewer.csproj", "{30BDF5CF-E7D8-478B-A71E-D7BEB6AE1C4F}"
EndProject
Project("{FAE04EC0-301F-11D3-BF4B-00C04F79EFBC}") = "BassiAPI", "BassiAPI\BassiAPI.csproj", "{0E0E84D2-F4A7-42E3-8507-D39181388AC9}"
EndProject
Global
	GlobalSection(SolutionConfigurationPlatforms) = preSolution
		Debug|Any CPU = Debug|Any CPU
		Release|Any CPU = Release|Any CPU
	EndGlobalSection
	GlobalSection(ProjectConfigurationPlatforms) = postSolution
		{41ED3C46-8A38-4044-9396-CD9A6EADA3D3}.Debug|Any CPU.ActiveCfg = Debug|Any CPU
		{41ED3C46-8A38-4044-9396-CD9A6EADA3D3}.Debug|Any CPU.Build.0 = Debug|Any CPU
		{41ED3C46-8A38-4044-9396-CD9A6EADA3D3}.Release|Any CPU.ActiveCfg = Release|Any CPU
		{41ED3C46-8A38-4044-9396-CD9A6EADA3D3}.Release|Any CPU.Build.0 = Release|Any CPU
		{30BDF5CF-E7D8-478B-A71E-D7BEB6AE1C4F}.Debug|Any CPU.ActiveCfg = Debug|Any CPU
		{30BDF5CF-E7D8-478B-A71E-D7BEB6AE1C4F}.Debug|Any CPU.Build.0 = Debug|Any CPU
		{30BDF5CF-E7D8-478B-A71E-D7BEB6AE1C4F}.Release|Any CPU.ActiveCfg = Release|Any CPU
		{30BDF5CF-E7D8-478B-A71E-D7BEB6AE1C4F}.Release|Any CPU.Build.0 = Release|Any CPU
		{0E0E84D2-F4A7-42E3-8507-D39181388AC9}.Debug|Any CPU.ActiveCfg = Debug|Any CPU
		{0E0E84D2-F4A7-42E3-8507-D39181388AC9}.Debug|Any CPU.Build.0 = Debug|Any CPU
		{0E0E84D2-F4A7-42E3-8507-D39181388AC9}.Release|Any CPU.ActiveCfg = Release|Any CPU
		{0E0E84D2-F4A7-42E3-8507-D39181388AC9}.Release|Any CPU.Build.0 = Release|Any CPU
	EndGlobalSection
	GlobalSection(SolutionProperties) = preSolution
		HideSolutionNode = FALSE
	EndGlobalSection
	GlobalSection(ExtensibilityGlobals) = postSolution
		SolutionGuid = {FEB52931-04A4-4B4D-877F-79CD51D651B2}
	EndGlobalSection
EndGlobal
